// !$*UTF8*$!
{
	archiveVersion = 1;
	classes = {
	};
	objectVersion = 50;
	objects = {

/* Begin PBXBuildFile section */
		40162F7B231745DF00D1A5DA /* AppDelegate.swift in Sources */ = {isa = PBXBuildFile; fileRef = 40162F7A231745DF00D1A5DA /* AppDelegate.swift */; };
		40162F7D231745DF00D1A5DA /* LoginViewController.swift in Sources */ = {isa = PBXBuildFile; fileRef = 40162F7C231745DF00D1A5DA /* LoginViewController.swift */; };
		40162F80231745DF00D1A5DA /* Main.storyboard in Resources */ = {isa = PBXBuildFile; fileRef = 40162F7E231745DF00D1A5DA /* Main.storyboard */; };
		40162F82231745E000D1A5DA /* Assets.xcassets in Resources */ = {isa = PBXBuildFile; fileRef = 40162F81231745E000D1A5DA /* Assets.xcassets */; };
		40162F85231745E000D1A5DA /* LaunchScreen.storyboard in Resources */ = {isa = PBXBuildFile; fileRef = 40162F83231745E000D1A5DA /* LaunchScreen.storyboard */; };
		40162F922317467000D1A5DA /* HomeViewController.swift in Sources */ = {isa = PBXBuildFile; fileRef = 40162F912317467000D1A5DA /* HomeViewController.swift */; };
		40162F942317468200D1A5DA /* LoginVIewModel.swift in Sources */ = {isa = PBXBuildFile; fileRef = 40162F932317468200D1A5DA /* LoginVIewModel.swift */; };
		40162F962317469600D1A5DA /* HomeViewModel.swift in Sources */ = {isa = PBXBuildFile; fileRef = 40162F952317469600D1A5DA /* HomeViewModel.swift */; };
		40162F98231746AA00D1A5DA /* LoginModel.swift in Sources */ = {isa = PBXBuildFile; fileRef = 40162F97231746AA00D1A5DA /* LoginModel.swift */; };
/* End PBXBuildFile section */

/* Begin PBXFileReference section */
		40162F77231745DF00D1A5DA /* SwiftMVVM.app */ = {isa = PBXFileReference; explicitFileType = wrapper.application; includeInIndex = 0; path = SwiftMVVM.app; sourceTree = BUILT_PRODUCTS_DIR; };
		40162F7A231745DF00D1A5DA /* AppDelegate.swift */ = {isa = PBXFileReference; lastKnownFileType = sourcecode.swift; path = AppDelegate.swift; sourceTree = "<group>"; };
		40162F7C231745DF00D1A5DA /* LoginViewController.swift */ = {isa = PBXFileReference; lastKnownFileType = sourcecode.swift; path = LoginViewController.swift; sourceTree = "<group>"; };
		40162F7F231745DF00D1A5DA /* Base */ = {isa = PBXFileReference; lastKnownFileType = file.storyboard; name = Base; path = Base.lproj/Main.storyboard; sourceTree = "<group>"; };
		40162F81231745E000D1A5DA /* Assets.xcassets */ = {isa = PBXFileReference; lastKnownFileType = folder.assetcatalog; path = Assets.xcassets; sourceTree = "<group>"; };
		40162F84231745E000D1A5DA /* Base */ = {isa = PBXFileReference; lastKnownFileType = file.storyboard; name = Base; path = Base.lproj/LaunchScreen.storyboard; sourceTree = "<group>"; };
		40162F86231745E000D1A5DA /* Info.plist */ = {isa = PBXFileReference; lastKnownFileType = text.plist.xml; path = Info.plist; sourceTree = "<group>"; };
		40162F912317467000D1A5DA /* HomeViewController.swift */ = {isa = PBXFileReference; lastKnownFileType = sourcecode.swift; path = HomeViewController.swift; sourceTree = "<group>"; };
		40162F932317468200D1A5DA /* LoginVIewModel.swift */ = {isa = PBXFileReference; lastKnownFileType = sourcecode.swift; path = LoginVIewModel.swift; sourceTree = "<group>"; };
		40162F952317469600D1A5DA /* HomeViewModel.swift */ = {isa = PBXFileReference; lastKnownFileType = sourcecode.swift; path = HomeViewModel.swift; sourceTree = "<group>"; };
		40162F97231746AA00D1A5DA /* LoginModel.swift */ = {isa = PBXFileReference; lastKnownFileType = sourcecode.swift; path = LoginModel.swift; sourceTree = "<group>"; };
/* End PBXFileReference section */

/* Begin PBXFrameworksBuildPhase section */
		40162F74231745DF00D1A5DA /* Frameworks */ = {
			isa = PBXFrameworksBuildPhase;
			buildActionMask = 2147483647;
			files = (
			);
			runOnlyForDeploymentPostprocessing = 0;
		};
/* End PBXFrameworksBuildPhase section */

/* Begin PBXGroup section */
		40162F6E231745DF00D1A5DA = {
			isa = PBXGroup;
			children = (
				40162F79231745DF00D1A5DA /* SwiftMVVM */,
				40162F78231745DF00D1A5DA /* Products */,
			);
			sourceTree = "<group>";
		};
		40162F78231745DF00D1A5DA /* Products */ = {
			isa = PBXGroup;
			children = (
				40162F77231745DF00D1A5DA /* SwiftMVVM.app */,
			);
			name = Products;
			sourceTree = "<group>";
		};
		40162F79231745DF00D1A5DA /* SwiftMVVM */ = {
			isa = PBXGroup;
			children = (
				40162F8F2317464D00D1A5DA /* App */,
				40162F8E2317462200D1A5DA /* Model */,
				40162F8D2317461C00D1A5DA /* View */,
				40162F8C2317460B00D1A5DA /* ViewModel */,
				40162F7E231745DF00D1A5DA /* Main.storyboard */,
				40162F81231745E000D1A5DA /* Assets.xcassets */,
				40162F83231745E000D1A5DA /* LaunchScreen.storyboard */,
				40162F86231745E000D1A5DA /* Info.plist */,
			);
			path = SwiftMVVM;
			sourceTree = "<group>";
		};
		40162F8C2317460B00D1A5DA /* ViewModel */ = {
			isa = PBXGroup;
			children = (
				40162F932317468200D1A5DA /* LoginVIewModel.swift */,
				40162F952317469600D1A5DA /* HomeViewModel.swift */,
			);
			path = ViewModel;
			sourceTree = "<group>";
		};
		40162F8D2317461C00D1A5DA /* View */ = {
			isa = PBXGroup;
			children = (
				40162F7C231745DF00D1A5DA /* LoginViewController.swift */,
				40162F912317467000D1A5DA /* HomeViewController.swift */,
			);
			path = View;
			sourceTree = "<group>";
		};
		40162F8E2317462200D1A5DA /* Model */ = {
			isa = PBXGroup;
			children = (
				40162F97231746AA00D1A5DA /* LoginModel.swift */,
			);
			path = Model;
			sourceTree = "<group>";
		};
		40162F8F2317464D00D1A5DA /* App */ = {
			isa = PBXGroup;
			children = (
				40162F7A231745DF00D1A5DA /* AppDelegate.swift */,
			);
			path = App;
			sourceTree = "<group>";
		};
/* End PBXGroup section */

/* Begin PBXNativeTarget section */
		40162F76231745DF00D1A5DA /* SwiftMVVM */ = {
			isa = PBXNativeTarget;
			buildConfigurationList = 40162F89231745E000D1A5DA /* Build configuration list for PBXNativeTarget "SwiftMVVM" */;
			buildPhases = (
				40162F73231745DF00D1A5DA /* Sources */,
				40162F74231745DF00D1A5DA /* Frameworks */,
				40162F75231745DF00D1A5DA /* Resources */,
			);
			buildRules = (
			);
			dependencies = (
			);
			name = SwiftMVVM;
			productName = SwiftMVVM;
			productReference = 40162F77231745DF00D1A5DA /* SwiftMVVM.app */;
			productType = "com.apple.product-type.application";
		};
/* End PBXNativeTarget section */

/* Begin PBXProject section */
		40162F6F231745DF00D1A5DA /* Project object */ = {
			isa = PBXProject;
			attributes = {
				LastSwiftUpdateCheck = 1010;
				LastUpgradeCheck = 1010;
				ORGANIZATIONNAME = Personal;
				TargetAttributes = {
					40162F76231745DF00D1A5DA = {
						CreatedOnToolsVersion = 10.1;
					};
				};
			};
			buildConfigurationList = 40162F72231745DF00D1A5DA /* Build configuration list for PBXProject "SwiftMVVM" */;
			compatibilityVersion = "Xcode 9.3";
			developmentRegion = en;
			hasScannedForEncodings = 0;
			knownRegions = (
				en,
				Base,
			);
			mainGroup = 40162F6E231745DF00D1A5DA;
			productRefGroup = 40162F78231745DF00D1A5DA /* Products */;
			projectDirPath = "";
			projectRoot = "";
			targets = (
				40162F76231745DF00D1A5DA /* SwiftMVVM */,
			);
		};
/* End PBXProject section */

/* Begin PBXResourcesBuildPhase section */
		40162F75231745DF00D1A5DA /* Resources */ = {
			isa = PBXResourcesBuildPhase;
			buildActionMask = 2147483647;
			files = (
				40162F85231745E000D1A5DA /* LaunchScreen.storyboard in Resources */,
				40162F82231745E000D1A5DA /* Assets.xcassets in Resources */,
				40162F80231745DF00D1A5DA /* Main.storyboard in Resources */,
			);
			runOnlyForDeploymentPostprocessing = 0;
		};
/* End PBXResourcesBuildPhase section */

/* Begin PBXSourcesBuildPhase section */
		40162F73231745DF00D1A5DA /* Sources */ = {
			isa = PBXSourcesBuildPhase;
			buildActionMask = 2147483647;
			files = (
				40162F942317468200D1A5DA /* LoginVIewModel.swift in Sources */,
				40162F98231746AA00D1A5DA /* LoginModel.swift in Sources */,
				40162F7D231745DF00D1A5DA /* LoginViewController.swift in Sources */,
				40162F7B231745DF00D1A5DA /* AppDelegate.swift in Sources */,
				40162F962317469600D1A5DA /* HomeViewModel.swift in Sources */,
				40162F922317467000D1A5DA /* HomeViewController.swift in Sources */,
			);
			runOnlyForDeploymentPostprocessing = 0;
		};
/* End PBXSourcesBuildPhase section */

/* Begin PBXVariantGroup section */
		40162F7E231745DF00D1A5DA /* Main.storyboard */ = {
			isa = PBXVariantGroup;
			children = (
				40162F7F231745DF00D1A5DA /* Base */,
			);
			name = Main.storyboard;
			sourceTree = "<group>";
		};
		40162F83231745E000D1A5DA /* LaunchScreen.storyboard */ = {
			isa = PBXVariantGroup;
			children = (
				40162F84231745E000D1A5DA /* Base */,
			);
			name = LaunchScreen.storyboard;
			sourceTree = "<group>";
		};
/* End PBXVariantGroup section */

/* Begin XCBuildConfiguration section */
		40162F87231745E000D1A5DA /* Debug */ = {
			isa = XCBuildConfiguration;
			buildSettings = {
				ALWAYS_SEARCH_USER_PATHS = NO;
				CLANG_ANALYZER_NONNULL = YES;
				CLANG_ANALYZER_NUMBER_OBJECT_CONVERSION = YES_AGGRESSIVE;
				CLANG_CXX_LANGUAGE_STANDARD = "gnu++14";
				CLANG_CXX_LIBRARY = "libc++";
				CLANG_ENABLE_MODULES = YES;
				CLANG_ENABLE_OBJC_ARC = YES;
				CLANG_ENABLE_OBJC_WEAK = YES;
				CLANG_WARN_BLOCK_CAPTURE_AUTORELEASING = YES;
				CLANG_WARN_BOOL_CONVERSION = YES;
				CLANG_WARN_COMMA = YES;
				CLANG_WARN_CONSTANT_CONVERSION = YES;
				CLANG_WARN_DEPRECATED_OBJC_IMPLEMENTATIONS = YES;
				CLANG_WARN_DIRECT_OBJC_ISA_USAGE = YES_ERROR;
				CLANG_WARN_DOCUMENTATION_COMMENTS = YES;
				CLANG_WARN_EMPTY_BODY = YES;
				CLANG_WARN_ENUM_CONVERSION = YES;
				CLANG_WARN_INFINITE_RECURSION = YES;
				CLANG_WARN_INT_CONVERSION = YES;
				CLANG_WARN_NON_LITERAL_NULL_CONVERSION = YES;
				CLANG_WARN_OBJC_IMPLICIT_RETAIN_SELF = YES;
				CLANG_WARN_OBJC_LITERAL_CONVERSION = YES;
				CLANG_WARN_OBJC_ROOT_CLASS = YES_ERROR;
				CLANG_WARN_RANGE_LOOP_ANALYSIS = YES;
				CLANG_WARN_STRICT_PROTOTYPES = YES;
				CLANG_WARN_SUSPICIOUS_MOVE = YES;
				CLANG_WARN_UNGUARDED_AVAILABILITY = YES_AGGRESSIVE;
				CLANG_WARN_UNREACHABLE_CODE = YES;
				CLANG_WARN__DUPLICATE_METHOD_MATCH = YES;
				CODE_SIGN_IDENTITY = "iPhone Developer";
				COPY_PHASE_STRIP = NO;
				DEBUG_INFORMATION_FORMAT = dwarf;
				ENABLE_STRICT_OBJC_MSGSEND = YES;
				ENABLE_TESTABILITY = YES;
				GCC_C_LANGUAGE_STANDARD = gnu11;
				GCC_DYNAMIC_NO_PIC = NO;
				GCC_NO_COMMON_BLOCKS = YES;
				GCC_OPTIMIZATION_LEVEL = 0;
				GCC_PREPROCESSOR_DEFINITIONS = (
					"DEBUG=1",
					"$(inherited)",
				);
				GCC_WARN_64_TO_32_BIT_CONVERSION = YES;
				GCC_WARN_ABOUT_RETURN_TYPE = YES_ERROR;
				GCC_WARN_UNDECLARED_SELECTOR = YES;
				GCC_WARN_UNINITIALIZED_AUTOS = YES_AGGRESSIVE;
				GCC_WARN_UNUSED_FUNCTION = YES;
				GCC_WARN_UNUSED_VARIABLE = YES;
				IPHONEOS_DEPLOYMENT_TARGET = 12.1;
				MTL_ENABLE_DEBUG_INFO = INCLUDE_SOURCE;
				MTL_FAST_MATH = YES;
				ONLY_ACTIVE_ARCH = YES;
				SDKROOT = iphoneos;
				SWIFT_ACTIVE_COMPILATION_CONDITIONS = DEBUG;
				SWIFT_OPTIMIZATION_LEVEL = "-Onone";
			};
			name = Debug;
		};
		40162F88231745E000D1A5DA /* Release */ = {
			isa = XCBuildConfiguration;
			buildSettings = {
				ALWAYS_SEARCH_USER_PATHS = NO;
				CLANG_ANALYZER_NONNULL = YES;
				CLANG_ANALYZER_NUMBER_OBJECT_CONVERSION = YES_AGGRESSIVE;
				CLANG_CXX_LANGUAGE_STANDARD = "gnu++14";
				CLANG_CXX_LIBRARY = "libc++";
				CLANG_ENABLE_MODULES = YES;
				CLANG_ENABLE_OBJC_ARC = YES;
				CLANG_ENABLE_OBJC_WEAK = YES;
				CLANG_WARN_BLOCK_CAPTURE_AUTORELEASING = YES;
				CLANG_WARN_BOOL_CONVERSION = YES;
				CLANG_WARN_COMMA = YES;
				CLANG_WARN_CONSTANT_CONVERSION = YES;
				CLANG_WARN_DEPRECATED_OBJC_IMPLEMENTATIONS = YES;
				CLANG_WARN_DIRECT_OBJC_ISA_USAGE = YES_ERROR;
				CLANG_WARN_DOCUMENTATION_COMMENTS = YES;
				CLANG_WARN_EMPTY_BODY = YES;
				CLANG_WARN_ENUM_CONVERSION = YES;
				CLANG_WARN_INFINITE_RECURSION = YES;
				CLANG_WARN_INT_CONVERSION = YES;
				CLANG_WARN_NON_LITERAL_NULL_CONVERSION = YES;
				CLANG_WARN_OBJC_IMPLICIT_RETAIN_SELF = YES;
				CLANG_WARN_OBJC_LITERAL_CONVERSION = YES;
				CLANG_WARN_OBJC_ROOT_CLASS = YES_ERROR;
				CLANG_WARN_RANGE_LOOP_ANALYSIS = YES;
				CLANG_WARN_STRICT_PROTOTYPES = YES;
				CLANG_WARN_SUSPICIOUS_MOVE = YES;
				CLANG_WARN_UNGUARDED_AVAILABILITY = YES_AGGRESSIVE;
				CLANG_WARN_UNREACHABLE_CODE = YES;
				CLANG_WARN__DUPLICATE_METHOD_MATCH = YES;
				CODE_SIGN_IDENTITY = "iPhone Developer";
				COPY_PHASE_STRIP = NO;
				DEBUG_INFORMATION_FORMAT = "dwarf-with-dsym";
				ENABLE_NS_ASSERTIONS = NO;
				ENABLE_STRICT_OBJC_MSGSEND = YES;
				GCC_C_LANGUAGE_STANDARD = gnu11;
				GCC_NO_COMMON_BLOCKS = YES;
				GCC_WARN_64_TO_32_BIT_CONVERSION = YES;
				GCC_WARN_ABOUT_RETURN_TYPE = YES_ERROR;
				GCC_WARN_UNDECLARED_SELECTOR = YES;
				GCC_WARN_UNINITIALIZED_AUTOS = YES_AGGRESSIVE;
				GCC_WARN_UNUSED_FUNCTION = YES;
				GCC_WARN_UNUSED_VARIABLE = YES;
				IPHONEOS_DEPLOYMENT_TARGET = 12.1;
				MTL_ENABLE_DEBUG_INFO = NO;
				MTL_FAST_MATH = YES;
				SDKROOT = iphoneos;
				SWIFT_COMPILATION_MODE = wholemodule;
				SWIFT_OPTIMIZATION_LEVEL = "-O";
				VALIDATE_PRODUCT = YES;
			};
			name = Release;
		};
		40162F8A231745E000D1A5DA /* Debug */ = {
			isa = XCBuildConfiguration;
			buildSettings = {
				ASSETCATALOG_COMPILER_APPICON_NAME = AppIcon;
				CODE_SIGN_STYLE = Automatic;
				DEVELOPMENT_TEAM = MHWHQ8YWTK;
				INFOPLIST_FILE = SwiftMVVM/Info.plist;
				LD_RUNPATH_SEARCH_PATHS = (
					"$(inherited)",
					"@executable_path/Frameworks",
				);
				PRODUCT_BUNDLE_IDENTIFIER = Personal.SwiftMVVM;
				PRODUCT_NAME = "$(TARGET_NAME)";
				SWIFT_VERSION = 4.2;
				TARGETED_DEVICE_FAMILY = "1,2";
			};
			name = Debug;
		};
		40162F8B231745E000D1A5DA /* Release */ = {
			isa = XCBuildConfiguration;
			buildSettings = {
				ASSETCATALOG_COMPILER_APPICON_NAME = AppIcon;
				CODE_SIGN_STYLE = Automatic;
				DEVELOPMENT_TEAM = MHWHQ8YWTK;
				INFOPLIST_FILE = SwiftMVVM/Info.plist;
				LD_RUNPATH_SEARCH_PATHS = (
					"$(inherited)",
					"@executable_path/Frameworks",
				);
				PRODUCT_BUNDLE_IDENTIFIER = Personal.SwiftMVVM;
				PRODUCT_NAME = "$(TARGET_NAME)";
				SWIFT_VERSION = 4.2;
				TARGETED_DEVICE_FAMILY = "1,2";
			};
			name = Release;
		};
/* End XCBuildConfiguration section */

/* Begin XCConfigurationList section */
		40162F72231745DF00D1A5DA /* Build configuration list for PBXProject "SwiftMVVM" */ = {
			isa = XCConfigurationList;
			buildConfigurations = (
				40162F87231745E000D1A5DA /* Debug */,
				40162F88231745E000D1A5DA /* Release */,
			);
			defaultConfigurationIsVisible = 0;
			defaultConfigurationName = Release;
		};
		40162F89231745E000D1A5DA /* Build configuration list for PBXNativeTarget "SwiftMVVM" */ = {
			isa = XCConfigurationList;
			buildConfigurations = (
				40162F8A231745E000D1A5DA /* Debug */,
				40162F8B231745E000D1A5DA /* Release */,
			);
			defaultConfigurationIsVisible = 0;
			defaultConfigurationName = Release;
		};
/* End XCConfigurationList section */
	};
	rootObject = 40162F6F231745DF00D1A5DA /* Project object */;
}
